
Microsoft Visual Studio Solution File, Format Version 12.00
# Visual Studio 2012
Project("{FAE04EC0-301F-11D3-BF4B-00C04F79EFBC}") = "Illallangi.PaginatedList", "Illallangi.PaginatedList\Illallangi.PaginatedList.csproj", "{70E5853A-DFF2-4F9B-AC45-9972DB8C95BA}"
EndProject
Project("{2150E333-8FDC-42A3-9474-1A3956D46DE8}") = ".nuget", ".nuget", "{B2919E0C-94CD-41DB-B8C0-4268025DD3EC}"
	ProjectSection(SolutionItems) = preProject
		.nuget\NuGet.Config = .nuget\NuGet.Config
		.nuget\NuGet.exe = .nuget\NuGet.exe
		.nuget\NuGet.targets = .nuget\NuGet.targets
	EndProjectSection
EndProject
Project("{2150E333-8FDC-42A3-9474-1A3956D46DE8}") = "Solution Items", "Solution Items", "{D16817D6-8438-4D8E-AC03-DE0597C12BC2}"
	ProjectSection(SolutionItems) = preProject
		..\build.cmd = ..\build.cmd
		..\build.nuspec = ..\build.nuspec
		..\build.proj = ..\build.proj
	EndProjectSection
EndProject
Global
	GlobalSection(SolutionConfigurationPlatforms) = preSolution
		Debug|Any CPU = Debug|Any CPU
		Release|Any CPU = Release|Any CPU
	EndGlobalSection
	GlobalSection(ProjectConfigurationPlatforms) = postSolution
		{70E5853A-DFF2-4F9B-AC45-9972DB8C95BA}.Debug|Any CPU.ActiveCfg = Debug|Any CPU
		{70E5853A-DFF2-4F9B-AC45-9972DB8C95BA}.Debug|Any CPU.Build.0 = Debug|Any CPU
		{70E5853A-DFF2-4F9B-AC45-9972DB8C95BA}.Release|Any CPU.ActiveCfg = Release|Any CPU
		{70E5853A-DFF2-4F9B-AC45-9972DB8C95BA}.Release|Any CPU.Build.0 = Release|Any CPU
	EndGlobalSection
	GlobalSection(SolutionProperties) = preSolution
		HideSolutionNode = FALSE
	EndGlobalSection
EndGlobal
